
Microsoft Visual Studio Solution File, Format Version 12.00
# Visual Studio Version 17
VisualStudioVersion = 17.2.32630.192
MinimumVisualStudioVersion = 10.0.40219.1
Project("{9A19103F-16F7-4668-BE54-9A1E7A4F7556}") = "R5T.F0139.Construction", "R5T.F0139.Construction\R5T.F0139.Construction.csproj", "{C2DB89CA-6693-4493-BBF8-2A0B457F4D85}"
EndProject
Project("{9A19103F-16F7-4668-BE54-9A1E7A4F7556}") = "R5T.F0139", "R5T.F0139\R5T.F0139.csproj", "{41727EF3-5FD5-490A-99E3-6842C6397964}"
EndProject
Project("{2150E333-8FDC-42A3-9474-1A3956D46DE8}") = "_Dependencies", "_Dependencies", "{6DC061F4-D737-4318-A372-A156275C6CBB}"
EndProject
Project("{9A19103F-16F7-4668-BE54-9A1E7A4F7556}") = "R5T.T0132", "..\..\R5T.T0132\source\R5T.T0132\R5T.T0132.csproj", "{BB4D81EC-0817-46BB-B029-61FC18D11E47}"
EndProject
Project("{9A19103F-16F7-4668-BE54-9A1E7A4F7556}") = "R5T.T0143", "..\..\R5T.T0143\source\R5T.T0143\R5T.T0143.csproj", "{C43AC7AB-61CC-46F6-B26E-558C7A6C78A0}"
EndProject
Project("{9A19103F-16F7-4668-BE54-9A1E7A4F7556}") = "R5T.T0178", "..\..\R5T.T0178\source\R5T.T0178\R5T.T0178.csproj", "{134CBD2C-0411-4BE9-9C36-3C1FD88A442D}"
EndProject
Project("{9A19103F-16F7-4668-BE54-9A1E7A4F7556}") = "R5T.T0179", "..\..\R5T.T0179\source\R5T.T0179\R5T.T0179.csproj", "{C4BADFD1-781F-4834-85D6-E09E7868A342}"
EndProject
Project("{9A19103F-16F7-4668-BE54-9A1E7A4F7556}") = "R5T.T0218", "..\..\R5T.T0218\source\R5T.T0218\R5T.T0218.csproj", "{E4A866C0-F093-42BE-8554-D9C967822895}"
EndProject
Project("{9A19103F-16F7-4668-BE54-9A1E7A4F7556}") = "R5T.T0185", "..\..\R5T.T0185\source\R5T.T0185\R5T.T0185.csproj", "{AEF7C7A3-06B2-41AD-8336-3C20504F98FB}"
EndProject
Project("{9A19103F-16F7-4668-BE54-9A1E7A4F7556}") = "R5T.T0219", "..\..\R5T.T0219\source\R5T.T0219\R5T.T0219.csproj", "{F44BF8D9-F2D7-4BD4-8BA2-D36B715A6507}"
EndProject
Project("{9A19103F-16F7-4668-BE54-9A1E7A4F7556}") = "R5T.T0131", "..\..\R5T.T0131\source\R5T.T0131\R5T.T0131.csproj", "{FB474BC6-55C2-49A2-B27E-DAB57ED38721}"
EndProject
Project("{9A19103F-16F7-4668-BE54-9A1E7A4F7556}") = "R5T.Z0057", "..\..\R5T.Z0057\source\R5T.Z0057\R5T.Z0057.csproj", "{B6E659B7-4D54-428D-B172-817DF65E579D}"
EndProject
Project("{9A19103F-16F7-4668-BE54-9A1E7A4F7556}") = "R5T.Z0058", "..\..\R5T.Z0058\source\R5T.Z0058\R5T.Z0058.csproj", "{CB13462E-C9A2-4981-99A9-E02AB9D399B3}"
EndProject
Global
	GlobalSection(NestedProjects) = preSolution
		{BB4D81EC-0817-46BB-B029-61FC18D11E47} = {6DC061F4-D737-4318-A372-A156275C6CBB}
		{C43AC7AB-61CC-46F6-B26E-558C7A6C78A0} = {6DC061F4-D737-4318-A372-A156275C6CBB}
		{134CBD2C-0411-4BE9-9C36-3C1FD88A442D} = {6DC061F4-D737-4318-A372-A156275C6CBB}
		{C4BADFD1-781F-4834-85D6-E09E7868A342} = {6DC061F4-D737-4318-A372-A156275C6CBB}
		{E4A866C0-F093-42BE-8554-D9C967822895} = {6DC061F4-D737-4318-A372-A156275C6CBB}
		{AEF7C7A3-06B2-41AD-8336-3C20504F98FB} = {6DC061F4-D737-4318-A372-A156275C6CBB}
		{F44BF8D9-F2D7-4BD4-8BA2-D36B715A6507} = {6DC061F4-D737-4318-A372-A156275C6CBB}
		{FB474BC6-55C2-49A2-B27E-DAB57ED38721} = {6DC061F4-D737-4318-A372-A156275C6CBB}
		{B6E659B7-4D54-428D-B172-817DF65E579D} = {6DC061F4-D737-4318-A372-A156275C6CBB}
		{CB13462E-C9A2-4981-99A9-E02AB9D399B3} = {6DC061F4-D737-4318-A372-A156275C6CBB}
	EndGlobalSection
	GlobalSection(SolutionConfigurationPlatforms) = preSolution
		Debug|Any CPU = Debug|Any CPU
		Release|Any CPU = Release|Any CPU
	EndGlobalSection
	GlobalSection(ProjectConfigurationPlatforms) = postSolution
		{C2DB89CA-6693-4493-BBF8-2A0B457F4D85}.Debug|Any CPU.ActiveCfg = Debug|Any CPU
		{C2DB89CA-6693-4493-BBF8-2A0B457F4D85}.Debug|Any CPU.Build.0 = Debug|Any CPU
		{C2DB89CA-6693-4493-BBF8-2A0B457F4D85}.Release|Any CPU.ActiveCfg = Release|Any CPU
		{C2DB89CA-6693-4493-BBF8-2A0B457F4D85}.Release|Any CPU.Build.0 = Release|Any CPU
		{41727EF3-5FD5-490A-99E3-6842C6397964}.Debug|Any CPU.ActiveCfg = Debug|Any CPU
		{41727EF3-5FD5-490A-99E3-6842C6397964}.Debug|Any CPU.Build.0 = Debug|Any CPU
		{41727EF3-5FD5-490A-99E3-6842C6397964}.Release|Any CPU.ActiveCfg = Release|Any CPU
		{41727EF3-5FD5-490A-99E3-6842C6397964}.Release|Any CPU.Build.0 = Release|Any CPU
		{BB4D81EC-0817-46BB-B029-61FC18D11E47}.Debug|Any CPU.ActiveCfg = Debug|Any CPU
		{BB4D81EC-0817-46BB-B029-61FC18D11E47}.Debug|Any CPU.Build.0 = Debug|Any CPU
		{BB4D81EC-0817-46BB-B029-61FC18D11E47}.Release|Any CPU.ActiveCfg = Release|Any CPU
		{BB4D81EC-0817-46BB-B029-61FC18D11E47}.Release|Any CPU.Build.0 = Release|Any CPU
		{C43AC7AB-61CC-46F6-B26E-558C7A6C78A0}.Debug|Any CPU.ActiveCfg = Debug|Any CPU
		{C43AC7AB-61CC-46F6-B26E-558C7A6C78A0}.Debug|Any CPU.Build.0 = Debug|Any CPU
		{C43AC7AB-61CC-46F6-B26E-558C7A6C78A0}.Release|Any CPU.ActiveCfg = Release|Any CPU
		{C43AC7AB-61CC-46F6-B26E-558C7A6C78A0}.Release|Any CPU.Build.0 = Release|Any CPU
		{134CBD2C-0411-4BE9-9C36-3C1FD88A442D}.Debug|Any CPU.ActiveCfg = Debug|Any CPU
		{134CBD2C-0411-4BE9-9C36-3C1FD88A442D}.Debug|Any CPU.Build.0 = Debug|Any CPU
		{134CBD2C-0411-4BE9-9C36-3C1FD88A442D}.Release|Any CPU.ActiveCfg = Release|Any CPU
		{134CBD2C-0411-4BE9-9C36-3C1FD88A442D}.Release|Any CPU.Build.0 = Release|Any CPU
		{C4BADFD1-781F-4834-85D6-E09E7868A342}.Debug|Any CPU.ActiveCfg = Debug|Any CPU
		{C4BADFD1-781F-4834-85D6-E09E7868A342}.Debug|Any CPU.Build.0 = Debug|Any CPU
		{C4BADFD1-781F-4834-85D6-E09E7868A342}.Release|Any CPU.ActiveCfg = Release|Any CPU
		{C4BADFD1-781F-4834-85D6-E09E7868A342}.Release|Any CPU.Build.0 = Release|Any CPU
		{E4A866C0-F093-42BE-8554-D9C967822895}.Debug|Any CPU.ActiveCfg = Debug|Any CPU
		{E4A866C0-F093-42BE-8554-D9C967822895}.Debug|Any CPU.Build.0 = Debug|Any CPU
		{E4A866C0-F093-42BE-8554-D9C967822895}.Release|Any CPU.ActiveCfg = Release|Any CPU
		{E4A866C0-F093-42BE-8554-D9C967822895}.Release|Any CPU.Build.0 = Release|Any CPU
		{AEF7C7A3-06B2-41AD-8336-3C20504F98FB}.Debug|Any CPU.ActiveCfg = Debug|Any CPU
		{AEF7C7A3-06B2-41AD-8336-3C20504F98FB}.Debug|Any CPU.Build.0 = Debug|Any CPU
		{AEF7C7A3-06B2-41AD-8336-3C20504F98FB}.Release|Any CPU.ActiveCfg = Release|Any CPU
		{AEF7C7A3-06B2-41AD-8336-3C20504F98FB}.Release|Any CPU.Build.0 = Release|Any CPU
		{F44BF8D9-F2D7-4BD4-8BA2-D36B715A6507}.Debug|Any CPU.ActiveCfg = Debug|Any CPU
		{F44BF8D9-F2D7-4BD4-8BA2-D36B715A6507}.Debug|Any CPU.Build.0 = Debug|Any CPU
		{F44BF8D9-F2D7-4BD4-8BA2-D36B715A6507}.Release|Any CPU.ActiveCfg = Release|Any CPU
		{F44BF8D9-F2D7-4BD4-8BA2-D36B715A6507}.Release|Any CPU.Build.0 = Release|Any CPU
		{FB474BC6-55C2-49A2-B27E-DAB57ED38721}.Debug|Any CPU.ActiveCfg = Debug|Any CPU
		{FB474BC6-55C2-49A2-B27E-DAB57ED38721}.Debug|Any CPU.Build.0 = Debug|Any CPU
		{FB474BC6-55C2-49A2-B27E-DAB57ED38721}.Release|Any CPU.ActiveCfg = Release|Any CPU
		{FB474BC6-55C2-49A2-B27E-DAB57ED38721}.Release|Any CPU.Build.0 = Release|Any CPU
		{B6E659B7-4D54-428D-B172-817DF65E579D}.Debug|Any CPU.ActiveCfg = Debug|Any CPU
		{B6E659B7-4D54-428D-B172-817DF65E579D}.Debug|Any CPU.Build.0 = Debug|Any CPU
		{B6E659B7-4D54-428D-B172-817DF65E579D}.Release|Any CPU.ActiveCfg = Release|Any CPU
		{B6E659B7-4D54-428D-B172-817DF65E579D}.Release|Any CPU.Build.0 = Release|Any CPU
		{CB13462E-C9A2-4981-99A9-E02AB9D399B3}.Debug|Any CPU.ActiveCfg = Debug|Any CPU
		{CB13462E-C9A2-4981-99A9-E02AB9D399B3}.Debug|Any CPU.Build.0 = Debug|Any CPU
		{CB13462E-C9A2-4981-99A9-E02AB9D399B3}.Release|Any CPU.ActiveCfg = Release|Any CPU
		{CB13462E-C9A2-4981-99A9-E02AB9D399B3}.Release|Any CPU.Build.0 = Release|Any CPU
	EndGlobalSection
	GlobalSection(SolutionProperties) = preSolution
		HideSolutionNode = FALSE
	EndGlobalSection
	GlobalSection(ExtensibilityGlobals) = postSolution
		SolutionGuid = {60B6F5A6-9A5F-483B-8ECE-36492B063AF4}
	EndGlobalSection
EndGlobal
