
Microsoft Visual Studio Solution File, Format Version 12.00
# Visual Studio Version 17
VisualStudioVersion = 17.2.32630.192
MinimumVisualStudioVersion = 10.0.40219.1
Project("{9A19103F-16F7-4668-BE54-9A1E7A4F7556}") = "R5T.F0139", "R5T.F0139\R5T.F0139.csproj", "{76AADD05-66D1-43A5-9446-5AE31D26E2D7}"
EndProject
Project("{2150E333-8FDC-42A3-9474-1A3956D46DE8}") = "_Dependencies", "_Dependencies", "{20018615-0234-4E8B-97F1-2DA73B599EBD}"
EndProject
Project("{9A19103F-16F7-4668-BE54-9A1E7A4F7556}") = "R5T.T0132", "..\..\R5T.T0132\source\R5T.T0132\R5T.T0132.csproj", "{512511BB-2322-42C8-9A64-135F4C8C24B0}"
EndProject
Project("{9A19103F-16F7-4668-BE54-9A1E7A4F7556}") = "R5T.T0143", "..\..\R5T.T0143\source\R5T.T0143\R5T.T0143.csproj", "{A5908D0B-803A-41B9-AA60-40BBF48CBF19}"
EndProject
Project("{9A19103F-16F7-4668-BE54-9A1E7A4F7556}") = "R5T.T0178", "..\..\R5T.T0178\source\R5T.T0178\R5T.T0178.csproj", "{5AB6CB2F-06F5-44F4-B738-C9DF2358E4C7}"
EndProject
Project("{9A19103F-16F7-4668-BE54-9A1E7A4F7556}") = "R5T.T0179", "..\..\R5T.T0179\source\R5T.T0179\R5T.T0179.csproj", "{376B2A5A-E5FA-4FF2-A97D-6EC3310A96B7}"
EndProject
Project("{9A19103F-16F7-4668-BE54-9A1E7A4F7556}") = "R5T.T0218", "..\..\R5T.T0218\source\R5T.T0218\R5T.T0218.csproj", "{24447C2A-AC5E-47C6-880B-195A0E6D343E}"
EndProject
Project("{9A19103F-16F7-4668-BE54-9A1E7A4F7556}") = "R5T.T0185", "..\..\R5T.T0185\source\R5T.T0185\R5T.T0185.csproj", "{C0F2889D-9BCA-4DA2-8F89-CDE12B9E0E10}"
EndProject
Project("{9A19103F-16F7-4668-BE54-9A1E7A4F7556}") = "R5T.T0219", "..\..\R5T.T0219\source\R5T.T0219\R5T.T0219.csproj", "{13D0071A-D62D-447F-99A1-E4D760FB2FA5}"
EndProject
Project("{9A19103F-16F7-4668-BE54-9A1E7A4F7556}") = "R5T.T0131", "..\..\R5T.T0131\source\R5T.T0131\R5T.T0131.csproj", "{0F93B0A6-581A-48DD-BA99-2F13277041D2}"
EndProject
Project("{9A19103F-16F7-4668-BE54-9A1E7A4F7556}") = "R5T.Z0057", "..\..\R5T.Z0057\source\R5T.Z0057\R5T.Z0057.csproj", "{C04714CA-D9A8-477A-AB1C-63FFAD4C8E29}"
EndProject
Project("{9A19103F-16F7-4668-BE54-9A1E7A4F7556}") = "R5T.Z0058", "..\..\R5T.Z0058\source\R5T.Z0058\R5T.Z0058.csproj", "{A829DCE7-5764-409F-8E16-18CD6A1FC47C}"
EndProject
Global
	GlobalSection(NestedProjects) = preSolution
		{512511BB-2322-42C8-9A64-135F4C8C24B0} = {20018615-0234-4E8B-97F1-2DA73B599EBD}
		{A5908D0B-803A-41B9-AA60-40BBF48CBF19} = {20018615-0234-4E8B-97F1-2DA73B599EBD}
		{5AB6CB2F-06F5-44F4-B738-C9DF2358E4C7} = {20018615-0234-4E8B-97F1-2DA73B599EBD}
		{376B2A5A-E5FA-4FF2-A97D-6EC3310A96B7} = {20018615-0234-4E8B-97F1-2DA73B599EBD}
		{24447C2A-AC5E-47C6-880B-195A0E6D343E} = {20018615-0234-4E8B-97F1-2DA73B599EBD}
		{C0F2889D-9BCA-4DA2-8F89-CDE12B9E0E10} = {20018615-0234-4E8B-97F1-2DA73B599EBD}
		{13D0071A-D62D-447F-99A1-E4D760FB2FA5} = {20018615-0234-4E8B-97F1-2DA73B599EBD}
		{0F93B0A6-581A-48DD-BA99-2F13277041D2} = {20018615-0234-4E8B-97F1-2DA73B599EBD}
		{C04714CA-D9A8-477A-AB1C-63FFAD4C8E29} = {20018615-0234-4E8B-97F1-2DA73B599EBD}
		{A829DCE7-5764-409F-8E16-18CD6A1FC47C} = {20018615-0234-4E8B-97F1-2DA73B599EBD}
	EndGlobalSection
	GlobalSection(SolutionConfigurationPlatforms) = preSolution
		Debug|Any CPU = Debug|Any CPU
		Release|Any CPU = Release|Any CPU
	EndGlobalSection
	GlobalSection(ProjectConfigurationPlatforms) = postSolution
		{76AADD05-66D1-43A5-9446-5AE31D26E2D7}.Debug|Any CPU.ActiveCfg = Debug|Any CPU
		{76AADD05-66D1-43A5-9446-5AE31D26E2D7}.Debug|Any CPU.Build.0 = Debug|Any CPU
		{76AADD05-66D1-43A5-9446-5AE31D26E2D7}.Release|Any CPU.ActiveCfg = Release|Any CPU
		{76AADD05-66D1-43A5-9446-5AE31D26E2D7}.Release|Any CPU.Build.0 = Release|Any CPU
		{512511BB-2322-42C8-9A64-135F4C8C24B0}.Debug|Any CPU.ActiveCfg = Debug|Any CPU
		{512511BB-2322-42C8-9A64-135F4C8C24B0}.Debug|Any CPU.Build.0 = Debug|Any CPU
		{512511BB-2322-42C8-9A64-135F4C8C24B0}.Release|Any CPU.ActiveCfg = Release|Any CPU
		{512511BB-2322-42C8-9A64-135F4C8C24B0}.Release|Any CPU.Build.0 = Release|Any CPU
		{A5908D0B-803A-41B9-AA60-40BBF48CBF19}.Debug|Any CPU.ActiveCfg = Debug|Any CPU
		{A5908D0B-803A-41B9-AA60-40BBF48CBF19}.Debug|Any CPU.Build.0 = Debug|Any CPU
		{A5908D0B-803A-41B9-AA60-40BBF48CBF19}.Release|Any CPU.ActiveCfg = Release|Any CPU
		{A5908D0B-803A-41B9-AA60-40BBF48CBF19}.Release|Any CPU.Build.0 = Release|Any CPU
		{5AB6CB2F-06F5-44F4-B738-C9DF2358E4C7}.Debug|Any CPU.ActiveCfg = Debug|Any CPU
		{5AB6CB2F-06F5-44F4-B738-C9DF2358E4C7}.Debug|Any CPU.Build.0 = Debug|Any CPU
		{5AB6CB2F-06F5-44F4-B738-C9DF2358E4C7}.Release|Any CPU.ActiveCfg = Release|Any CPU
		{5AB6CB2F-06F5-44F4-B738-C9DF2358E4C7}.Release|Any CPU.Build.0 = Release|Any CPU
		{376B2A5A-E5FA-4FF2-A97D-6EC3310A96B7}.Debug|Any CPU.ActiveCfg = Debug|Any CPU
		{376B2A5A-E5FA-4FF2-A97D-6EC3310A96B7}.Debug|Any CPU.Build.0 = Debug|Any CPU
		{376B2A5A-E5FA-4FF2-A97D-6EC3310A96B7}.Release|Any CPU.ActiveCfg = Release|Any CPU
		{376B2A5A-E5FA-4FF2-A97D-6EC3310A96B7}.Release|Any CPU.Build.0 = Release|Any CPU
		{24447C2A-AC5E-47C6-880B-195A0E6D343E}.Debug|Any CPU.ActiveCfg = Debug|Any CPU
		{24447C2A-AC5E-47C6-880B-195A0E6D343E}.Debug|Any CPU.Build.0 = Debug|Any CPU
		{24447C2A-AC5E-47C6-880B-195A0E6D343E}.Release|Any CPU.ActiveCfg = Release|Any CPU
		{24447C2A-AC5E-47C6-880B-195A0E6D343E}.Release|Any CPU.Build.0 = Release|Any CPU
		{C0F2889D-9BCA-4DA2-8F89-CDE12B9E0E10}.Debug|Any CPU.ActiveCfg = Debug|Any CPU
		{C0F2889D-9BCA-4DA2-8F89-CDE12B9E0E10}.Debug|Any CPU.Build.0 = Debug|Any CPU
		{C0F2889D-9BCA-4DA2-8F89-CDE12B9E0E10}.Release|Any CPU.ActiveCfg = Release|Any CPU
		{C0F2889D-9BCA-4DA2-8F89-CDE12B9E0E10}.Release|Any CPU.Build.0 = Release|Any CPU
		{13D0071A-D62D-447F-99A1-E4D760FB2FA5}.Debug|Any CPU.ActiveCfg = Debug|Any CPU
		{13D0071A-D62D-447F-99A1-E4D760FB2FA5}.Debug|Any CPU.Build.0 = Debug|Any CPU
		{13D0071A-D62D-447F-99A1-E4D760FB2FA5}.Release|Any CPU.ActiveCfg = Release|Any CPU
		{13D0071A-D62D-447F-99A1-E4D760FB2FA5}.Release|Any CPU.Build.0 = Release|Any CPU
		{0F93B0A6-581A-48DD-BA99-2F13277041D2}.Debug|Any CPU.ActiveCfg = Debug|Any CPU
		{0F93B0A6-581A-48DD-BA99-2F13277041D2}.Debug|Any CPU.Build.0 = Debug|Any CPU
		{0F93B0A6-581A-48DD-BA99-2F13277041D2}.Release|Any CPU.ActiveCfg = Release|Any CPU
		{0F93B0A6-581A-48DD-BA99-2F13277041D2}.Release|Any CPU.Build.0 = Release|Any CPU
		{C04714CA-D9A8-477A-AB1C-63FFAD4C8E29}.Debug|Any CPU.ActiveCfg = Debug|Any CPU
		{C04714CA-D9A8-477A-AB1C-63FFAD4C8E29}.Debug|Any CPU.Build.0 = Debug|Any CPU
		{C04714CA-D9A8-477A-AB1C-63FFAD4C8E29}.Release|Any CPU.ActiveCfg = Release|Any CPU
		{C04714CA-D9A8-477A-AB1C-63FFAD4C8E29}.Release|Any CPU.Build.0 = Release|Any CPU
		{A829DCE7-5764-409F-8E16-18CD6A1FC47C}.Debug|Any CPU.ActiveCfg = Debug|Any CPU
		{A829DCE7-5764-409F-8E16-18CD6A1FC47C}.Debug|Any CPU.Build.0 = Debug|Any CPU
		{A829DCE7-5764-409F-8E16-18CD6A1FC47C}.Release|Any CPU.ActiveCfg = Release|Any CPU
		{A829DCE7-5764-409F-8E16-18CD6A1FC47C}.Release|Any CPU.Build.0 = Release|Any CPU
	EndGlobalSection
	GlobalSection(SolutionProperties) = preSolution
		HideSolutionNode = FALSE
	EndGlobalSection
	GlobalSection(ExtensibilityGlobals) = postSolution
		SolutionGuid = {CA012E27-2C35-4CC8-9FF6-8E246DA374EE}
	EndGlobalSection
EndGlobal
